
Microsoft Visual Studio Solution File, Format Version 12.00
# Visual Studio Version 16
VisualStudioVersion = 16.0.31729.503
MinimumVisualStudioVersion = 10.0.40219.1
Project("{FAE04EC0-301F-11D3-BF4B-00C04F79EFBC}") = "BootcampDIO", "BootcampDIO\BootcampDIO.csproj", "{3FFB62E1-6C6A-4BDD-82EA-62EBD84D55BB}"
EndProject
Global
	GlobalSection(SolutionConfigurationPlatforms) = preSolution
		Debug|Any CPU = Debug|Any CPU
		Release|Any CPU = Release|Any CPU
	EndGlobalSection
	GlobalSection(ProjectConfigurationPlatforms) = postSolution
		{3FFB62E1-6C6A-4BDD-82EA-62EBD84D55BB}.Debug|Any CPU.ActiveCfg = Debug|Any CPU
		{3FFB62E1-6C6A-4BDD-82EA-62EBD84D55BB}.Debug|Any CPU.Build.0 = Debug|Any CPU
		{3FFB62E1-6C6A-4BDD-82EA-62EBD84D55BB}.Release|Any CPU.ActiveCfg = Release|Any CPU
		{3FFB62E1-6C6A-4BDD-82EA-62EBD84D55BB}.Release|Any CPU.Build.0 = Release|Any CPU
	EndGlobalSection
	GlobalSection(SolutionProperties) = preSolution
		HideSolutionNode = FALSE
	EndGlobalSection
	GlobalSection(ExtensibilityGlobals) = postSolution
		SolutionGuid = {A8B123D7-E4E0-4435-940D-95C95E49821A}
	EndGlobalSection
EndGlobal
